
Microsoft Visual Studio Solution File, Format Version 12.00
# Visual Studio 15
VisualStudioVersion = 15.0.26730.8
MinimumVisualStudioVersion = 10.0.40219.1
Project("{FAE04EC0-301F-11D3-BF4B-00C04F79EFBC}") = "ComicBookGallery", "ComicBookGallery\ComicBookGallery.csproj", "{A9B1713D-63B2-436E-914D-07E7904C240B}"
EndProject
Global
	GlobalSection(SolutionConfigurationPlatforms) = preSolution
		Debug|Any CPU = Debug|Any CPU
		Release|Any CPU = Release|Any CPU
	EndGlobalSection
	GlobalSection(ProjectConfigurationPlatforms) = postSolution
		{A9B1713D-63B2-436E-914D-07E7904C240B}.Debug|Any CPU.ActiveCfg = Debug|Any CPU
		{A9B1713D-63B2-436E-914D-07E7904C240B}.Debug|Any CPU.Build.0 = Debug|Any CPU
		{A9B1713D-63B2-436E-914D-07E7904C240B}.Release|Any CPU.ActiveCfg = Release|Any CPU
		{A9B1713D-63B2-436E-914D-07E7904C240B}.Release|Any CPU.Build.0 = Release|Any CPU
	EndGlobalSection
	GlobalSection(SolutionProperties) = preSolution
		HideSolutionNode = FALSE
	EndGlobalSection
	GlobalSection(ExtensibilityGlobals) = postSolution
		SolutionGuid = {85DA3249-8BA8-456D-8A10-1753353D9C82}
	EndGlobalSection
EndGlobal
